
Microsoft Visual Studio Solution File, Format Version 12.00
# Visual Studio Version 16
VisualStudioVersion = 16.0.32002.261
MinimumVisualStudioVersion = 10.0.40219.1
Project("{FAE04EC0-301F-11D3-BF4B-00C04F79EFBC}") = "Ananomous deligate", "Ananomous deligate\Ananomous deligate.csproj", "{ED1F0094-9494-4D38-B1D9-5F9D7373FFCF}"
EndProject
Global
	GlobalSection(SolutionConfigurationPlatforms) = preSolution
		Debug|Any CPU = Debug|Any CPU
		Release|Any CPU = Release|Any CPU
	EndGlobalSection
	GlobalSection(ProjectConfigurationPlatforms) = postSolution
		{ED1F0094-9494-4D38-B1D9-5F9D7373FFCF}.Debug|Any CPU.ActiveCfg = Debug|Any CPU
		{ED1F0094-9494-4D38-B1D9-5F9D7373FFCF}.Debug|Any CPU.Build.0 = Debug|Any CPU
		{ED1F0094-9494-4D38-B1D9-5F9D7373FFCF}.Release|Any CPU.ActiveCfg = Release|Any CPU
		{ED1F0094-9494-4D38-B1D9-5F9D7373FFCF}.Release|Any CPU.Build.0 = Release|Any CPU
	EndGlobalSection
	GlobalSection(SolutionProperties) = preSolution
		HideSolutionNode = FALSE
	EndGlobalSection
	GlobalSection(ExtensibilityGlobals) = postSolution
		SolutionGuid = {AD65900A-BE4F-45AF-BBA0-A416F3C3EE2F}
	EndGlobalSection
EndGlobal
